
Microsoft Visual Studio Solution File, Format Version 12.00
# Visual Studio Version 17
VisualStudioVersion = 17.9.34701.34
MinimumVisualStudioVersion = 10.0.40219.1
Project("{9A19103F-16F7-4668-BE54-9A1E7A4F7556}") = "BulkyWeb", "BulkyWeb\BulkyWeb.csproj", "{B67C6534-117D-42AE-9E2B-8B5D39C22FDF}"
EndProject
Project("{9A19103F-16F7-4668-BE54-9A1E7A4F7556}") = "BulkyWebRazor", "BulkyWebRazor\BulkyWebRazor.csproj", "{5E5BEA18-4F60-4571-B4D1-68CBE175EAC5}"
EndProject
Global
	GlobalSection(SolutionConfigurationPlatforms) = preSolution
		Debug|Any CPU = Debug|Any CPU
		Release|Any CPU = Release|Any CPU
	EndGlobalSection
	GlobalSection(ProjectConfigurationPlatforms) = postSolution
		{B67C6534-117D-42AE-9E2B-8B5D39C22FDF}.Debug|Any CPU.ActiveCfg = Debug|Any CPU
		{B67C6534-117D-42AE-9E2B-8B5D39C22FDF}.Debug|Any CPU.Build.0 = Debug|Any CPU
		{B67C6534-117D-42AE-9E2B-8B5D39C22FDF}.Release|Any CPU.ActiveCfg = Release|Any CPU
		{B67C6534-117D-42AE-9E2B-8B5D39C22FDF}.Release|Any CPU.Build.0 = Release|Any CPU
		{5E5BEA18-4F60-4571-B4D1-68CBE175EAC5}.Debug|Any CPU.ActiveCfg = Debug|Any CPU
		{5E5BEA18-4F60-4571-B4D1-68CBE175EAC5}.Debug|Any CPU.Build.0 = Debug|Any CPU
		{5E5BEA18-4F60-4571-B4D1-68CBE175EAC5}.Release|Any CPU.ActiveCfg = Release|Any CPU
		{5E5BEA18-4F60-4571-B4D1-68CBE175EAC5}.Release|Any CPU.Build.0 = Release|Any CPU
	EndGlobalSection
	GlobalSection(SolutionProperties) = preSolution
		HideSolutionNode = FALSE
	EndGlobalSection
	GlobalSection(ExtensibilityGlobals) = postSolution
		SolutionGuid = {056941B5-913E-4FCB-B3AC-068C35BA19D7}
	EndGlobalSection
EndGlobal
